
Microsoft Visual Studio Solution File, Format Version 12.00
# Visual Studio Version 17
VisualStudioVersion = 17.14.36705.20
MinimumVisualStudioVersion = 10.0.40219.1
Project("{FAE04EC0-301F-11D3-BF4B-00C04F79EFBC}") = "Aula0", "Aula0\Aula0.csproj", "{9DB44C87-98F2-4B3F-A8DE-08271F1CA995}"
EndProject
Project("{FAE04EC0-301F-11D3-BF4B-00C04F79EFBC}") = "Aula01", "Aula01\Aula01.csproj", "{2EA647FA-291E-4D81-AE28-E1FF836ADE12}"
EndProject
Project("{FAE04EC0-301F-11D3-BF4B-00C04F79EFBC}") = "Aula02", "Aula02\Aula02.csproj", "{86EAA9CA-34A2-4D59-88E4-76446AA6C3DC}"
EndProject
Project("{FAE04EC0-301F-11D3-BF4B-00C04F79EFBC}") = "Aula03", "Aula03\Aula03.csproj", "{284140BA-C71D-413C-9268-D40AD0C41A9B}"
EndProject
Project("{FAE04EC0-301F-11D3-BF4B-00C04F79EFBC}") = "Aula04", "Aula04\Aula04.csproj", "{73158765-97C8-43B1-89C2-F37484FB6B14}"
EndProject
Project("{FAE04EC0-301F-11D3-BF4B-00C04F79EFBC}") = "Aula05", "Aula05\Aula05.csproj", "{07FD3723-89A1-4A66-A237-722594287243}"
EndProject
Project("{FAE04EC0-301F-11D3-BF4B-00C04F79EFBC}") = "Aula06", "Aula06\Aula06.csproj", "{A83816E6-3217-4E91-8A7A-1369BAB0DE0D}"
EndProject
Project("{FAE04EC0-301F-11D3-BF4B-00C04F79EFBC}") = "Aula07", "Aula07\Aula07.csproj", "{6005A5C8-1E1E-4ED9-A4AD-F85C639C565D}"
EndProject
Project("{FAE04EC0-301F-11D3-BF4B-00C04F79EFBC}") = "Aula08", "Aula08\Aula08.csproj", "{905BEFCA-9E6D-460A-82A8-0599658166D3}"
EndProject
Global
	GlobalSection(SolutionConfigurationPlatforms) = preSolution
		Debug|Any CPU = Debug|Any CPU
		Release|Any CPU = Release|Any CPU
	EndGlobalSection
	GlobalSection(ProjectConfigurationPlatforms) = postSolution
		{9DB44C87-98F2-4B3F-A8DE-08271F1CA995}.Debug|Any CPU.ActiveCfg = Debug|Any CPU
		{9DB44C87-98F2-4B3F-A8DE-08271F1CA995}.Debug|Any CPU.Build.0 = Debug|Any CPU
		{9DB44C87-98F2-4B3F-A8DE-08271F1CA995}.Release|Any CPU.ActiveCfg = Release|Any CPU
		{9DB44C87-98F2-4B3F-A8DE-08271F1CA995}.Release|Any CPU.Build.0 = Release|Any CPU
		{2EA647FA-291E-4D81-AE28-E1FF836ADE12}.Debug|Any CPU.ActiveCfg = Debug|Any CPU
		{2EA647FA-291E-4D81-AE28-E1FF836ADE12}.Debug|Any CPU.Build.0 = Debug|Any CPU
		{2EA647FA-291E-4D81-AE28-E1FF836ADE12}.Release|Any CPU.ActiveCfg = Release|Any CPU
		{2EA647FA-291E-4D81-AE28-E1FF836ADE12}.Release|Any CPU.Build.0 = Release|Any CPU
		{86EAA9CA-34A2-4D59-88E4-76446AA6C3DC}.Debug|Any CPU.ActiveCfg = Debug|Any CPU
		{86EAA9CA-34A2-4D59-88E4-76446AA6C3DC}.Debug|Any CPU.Build.0 = Debug|Any CPU
		{86EAA9CA-34A2-4D59-88E4-76446AA6C3DC}.Release|Any CPU.ActiveCfg = Release|Any CPU
		{86EAA9CA-34A2-4D59-88E4-76446AA6C3DC}.Release|Any CPU.Build.0 = Release|Any CPU
		{284140BA-C71D-413C-9268-D40AD0C41A9B}.Debug|Any CPU.ActiveCfg = Debug|Any CPU
		{284140BA-C71D-413C-9268-D40AD0C41A9B}.Debug|Any CPU.Build.0 = Debug|Any CPU
		{284140BA-C71D-413C-9268-D40AD0C41A9B}.Release|Any CPU.ActiveCfg = Release|Any CPU
		{284140BA-C71D-413C-9268-D40AD0C41A9B}.Release|Any CPU.Build.0 = Release|Any CPU
		{73158765-97C8-43B1-89C2-F37484FB6B14}.Debug|Any CPU.ActiveCfg = Debug|Any CPU
		{73158765-97C8-43B1-89C2-F37484FB6B14}.Debug|Any CPU.Build.0 = Debug|Any CPU
		{73158765-97C8-43B1-89C2-F37484FB6B14}.Release|Any CPU.ActiveCfg = Release|Any CPU
		{73158765-97C8-43B1-89C2-F37484FB6B14}.Release|Any CPU.Build.0 = Release|Any CPU
		{07FD3723-89A1-4A66-A237-722594287243}.Debug|Any CPU.ActiveCfg = Debug|Any CPU
		{07FD3723-89A1-4A66-A237-722594287243}.Debug|Any CPU.Build.0 = Debug|Any CPU
		{07FD3723-89A1-4A66-A237-722594287243}.Release|Any CPU.ActiveCfg = Release|Any CPU
		{07FD3723-89A1-4A66-A237-722594287243}.Release|Any CPU.Build.0 = Release|Any CPU
		{A83816E6-3217-4E91-8A7A-1369BAB0DE0D}.Debug|Any CPU.ActiveCfg = Debug|Any CPU
		{A83816E6-3217-4E91-8A7A-1369BAB0DE0D}.Debug|Any CPU.Build.0 = Debug|Any CPU
		{A83816E6-3217-4E91-8A7A-1369BAB0DE0D}.Release|Any CPU.ActiveCfg = Release|Any CPU
		{A83816E6-3217-4E91-8A7A-1369BAB0DE0D}.Release|Any CPU.Build.0 = Release|Any CPU
		{6005A5C8-1E1E-4ED9-A4AD-F85C639C565D}.Debug|Any CPU.ActiveCfg = Debug|Any CPU
		{6005A5C8-1E1E-4ED9-A4AD-F85C639C565D}.Debug|Any CPU.Build.0 = Debug|Any CPU
		{6005A5C8-1E1E-4ED9-A4AD-F85C639C565D}.Release|Any CPU.ActiveCfg = Release|Any CPU
		{6005A5C8-1E1E-4ED9-A4AD-F85C639C565D}.Release|Any CPU.Build.0 = Release|Any CPU
		{905BEFCA-9E6D-460A-82A8-0599658166D3}.Debug|Any CPU.ActiveCfg = Debug|Any CPU
		{905BEFCA-9E6D-460A-82A8-0599658166D3}.Debug|Any CPU.Build.0 = Debug|Any CPU
		{905BEFCA-9E6D-460A-82A8-0599658166D3}.Release|Any CPU.ActiveCfg = Release|Any CPU
		{905BEFCA-9E6D-460A-82A8-0599658166D3}.Release|Any CPU.Build.0 = Release|Any CPU
	EndGlobalSection
	GlobalSection(SolutionProperties) = preSolution
		HideSolutionNode = FALSE
	EndGlobalSection
	GlobalSection(ExtensibilityGlobals) = postSolution
		SolutionGuid = {381DE153-4EAF-4415-B570-B99E150C5201}
	EndGlobalSection
EndGlobal
